// !$*UTF8*$!
{
	archiveVersion = 1;
	classes = {
	};
	objectVersion = 77;
	objects = {

/* Begin PBXBuildFile section */
		FA3D29AC2EA025140007C365 /* GLTFSceneKit in Frameworks */ = {isa = PBXBuildFile; productRef = FA3D29AB2EA025140007C365 /* GLTFSceneKit */; };
		FA3D29AE2EA025150007C365 /* GLTFKit2 in Frameworks */ = {isa = PBXBuildFile; productRef = FA3D29AD2EA025150007C365 /* GLTFKit2 */; };
/* End PBXBuildFile section */

/* Begin PBXContainerItemProxy section */
		FA3D29582EA025130007C365 /* PBXContainerItemProxy */ = {
			isa = PBXContainerItemProxy;
			containerPortal = FA3D29422EA025120007C365 /* Project object */;
			proxyType = 1;
			remoteGlobalIDString = FA3D29492EA025120007C365;
			remoteInfo = "LevelUp Life";
		};
		FA3D29622EA025130007C365 /* PBXContainerItemProxy */ = {
			isa = PBXContainerItemProxy;
			containerPortal = FA3D29422EA025120007C365 /* Project object */;
			proxyType = 1;
			remoteGlobalIDString = FA3D29492EA025120007C365;
			remoteInfo = "LevelUp Life";
		};
/* End PBXContainerItemProxy section */

/* Begin PBXFileReference section */
		FA3D294A2EA025120007C365 /* LevelUp Life.app */ = {isa = PBXFileReference; explicitFileType = wrapper.application; includeInIndex = 0; path = "LevelUp Life.app"; sourceTree = BUILT_PRODUCTS_DIR; };
		FA3D29572EA025130007C365 /* LevelUp LifeTests.xctest */ = {isa = PBXFileReference; explicitFileType = wrapper.cfbundle; includeInIndex = 0; path = "LevelUp LifeTests.xctest"; sourceTree = BUILT_PRODUCTS_DIR; };
		FA3D29612EA025130007C365 /* LevelUp LifeUITests.xctest */ = {isa = PBXFileReference; explicitFileType = wrapper.cfbundle; includeInIndex = 0; path = "LevelUp LifeUITests.xctest"; sourceTree = BUILT_PRODUCTS_DIR; };
/* End PBXFileReference section */

/* Begin PBXFileSystemSynchronizedRootGroup section */
		FA3D294C2EA025120007C365 /* LevelUp Life */ = {
			isa = PBXFileSystemSynchronizedRootGroup;
			path = "LevelUp Life";
			sourceTree = "<group>";
		};
		FA3D295A2EA025130007C365 /* LevelUp LifeTests */ = {
			isa = PBXFileSystemSynchronizedRootGroup;
			path = "LevelUp LifeTests";
			sourceTree = "<group>";
		};
		FA3D29642EA025130007C365 /* LevelUp LifeUITests */ = {
			isa = PBXFileSystemSynchronizedRootGroup;
			path = "LevelUp LifeUITests";
			sourceTree = "<group>";
		};
/* End PBXFileSystemSynchronizedRootGroup section */

/* Begin PBXFrameworksBuildPhase section */
		FA3D29472EA025120007C365 /* Frameworks */ = {
			isa = PBXFrameworksBuildPhase;
			buildActionMask = 2147483647;
			files = (
				FA3D29AC2EA025140007C365 /* GLTFSceneKit in Frameworks */,
				FA3D29AE2EA025150007C365 /* GLTFKit2 in Frameworks */,
			);
			runOnlyForDeploymentPostprocessing = 0;
		};
		FA3D29542EA025130007C365 /* Frameworks */ = {
			isa = PBXFrameworksBuildPhase;
			buildActionMask = 2147483647;
			files = (
			);
			runOnlyForDeploymentPostprocessing = 0;
		};
		FA3D295E2EA025130007C365 /* Frameworks */ = {
			isa = PBXFrameworksBuildPhase;
			buildActionMask = 2147483647;
			files = (
			);
			runOnlyForDeploymentPostprocessing = 0;
		};
/* End PBXFrameworksBuildPhase section */

/* Begin PBXGroup section */
		FA3D29412EA025120007C365 = {
			isa = PBXGroup;
			children = (
				FA3D294C2EA025120007C365 /* LevelUp Life */,
				FA3D295A2EA025130007C365 /* LevelUp LifeTests */,
				FA3D29642EA025130007C365 /* LevelUp LifeUITests */,
				FA3D294B2EA025120007C365 /* Products */,
			);
			sourceTree = "<group>";
		};
		FA3D294B2EA025120007C365 /* Products */ = {
			isa = PBXGroup;
			children = (
				FA3D294A2EA025120007C365 /* LevelUp Life.app */,
				FA3D29572EA025130007C365 /* LevelUp LifeTests.xctest */,
				FA3D29612EA025130007C365 /* LevelUp LifeUITests.xctest */,
			);
			name = Products;
			sourceTree = "<group>";
		};
/* End PBXGroup section */

/* Begin PBXNativeTarget section */
		FA3D29492EA025120007C365 /* LevelUp Life */ = {
			isa = PBXNativeTarget;
			buildConfigurationList = FA3D296B2EA025130007C365 /* Build configuration list for PBXNativeTarget "LevelUp Life" */;
			buildPhases = (
				FA3D29462EA025120007C365 /* Sources */,
				FA3D29472EA025120007C365 /* Frameworks */,
				FA3D29482EA025120007C365 /* Resources */,
			);
			buildRules = (
			);
			dependencies = (
			);
			fileSystemSynchronizedGroups = (
				FA3D294C2EA025120007C365 /* LevelUp Life */,
			);
			name = "LevelUp Life";
			packageProductDependencies = (
			);
			productName = "LevelUp Life";
			productReference = FA3D294A2EA025120007C365 /* LevelUp Life.app */;
			productType = "com.apple.product-type.application";
		};
		FA3D29562EA025130007C365 /* LevelUp LifeTests */ = {
			isa = PBXNativeTarget;
			buildConfigurationList = FA3D296E2EA025130007C365 /* Build configuration list for PBXNativeTarget "LevelUp LifeTests" */;
			buildPhases = (
				FA3D29532EA025130007C365 /* Sources */,
				FA3D29542EA025130007C365 /* Frameworks */,
				FA3D29552EA025130007C365 /* Resources */,
			);
			buildRules = (
			);
			dependencies = (
				FA3D29592EA025130007C365 /* PBXTargetDependency */,
			);
			fileSystemSynchronizedGroups = (
				FA3D295A2EA025130007C365 /* LevelUp LifeTests */,
			);
			name = "LevelUp LifeTests";
			packageProductDependencies = (
			);
			productName = "LevelUp LifeTests";
			productReference = FA3D29572EA025130007C365 /* LevelUp LifeTests.xctest */;
			productType = "com.apple.product-type.bundle.unit-test";
		};
		FA3D29602EA025130007C365 /* LevelUp LifeUITests */ = {
			isa = PBXNativeTarget;
			buildConfigurationList = FA3D29712EA025130007C365 /* Build configuration list for PBXNativeTarget "LevelUp LifeUITests" */;
			buildPhases = (
				FA3D295D2EA025130007C365 /* Sources */,
				FA3D295E2EA025130007C365 /* Frameworks */,
				FA3D295F2EA025130007C365 /* Resources */,
			);
			buildRules = (
			);
			dependencies = (
				FA3D29632EA025130007C365 /* PBXTargetDependency */,
			);
			fileSystemSynchronizedGroups = (
				FA3D29642EA025130007C365 /* LevelUp LifeUITests */,
			);
			name = "LevelUp LifeUITests";
			packageProductDependencies = (
			);
			productName = "LevelUp LifeUITests";
			productReference = FA3D29612EA025130007C365 /* LevelUp LifeUITests.xctest */;
			productType = "com.apple.product-type.bundle.ui-testing";
		};
/* End PBXNativeTarget section */

/* Begin PBXProject section */
		FA3D29422EA025120007C365 /* Project object */ = {
			isa = PBXProject;
			attributes = {
				BuildIndependentTargetsInParallel = 1;
				LastSwiftUpdateCheck = 2600;
				LastUpgradeCheck = 2600;
				TargetAttributes = {
					FA3D29492EA025120007C365 = {
						CreatedOnToolsVersion = 26.0.1;
					};
					FA3D29562EA025130007C365 = {
						CreatedOnToolsVersion = 26.0.1;
						TestTargetID = FA3D29492EA025120007C365;
					};
					FA3D29602EA025130007C365 = {
						CreatedOnToolsVersion = 26.0.1;
						TestTargetID = FA3D29492EA025120007C365;
					};
				};
			};
			buildConfigurationList = FA3D29452EA025120007C365 /* Build configuration list for PBXProject "LevelUp Life" */;
			developmentRegion = en;
			hasScannedForEncodings = 0;
			knownRegions = (
				en,
				Base,
			);
			mainGroup = FA3D29412EA025120007C365;
			minimizedProjectReferenceProxies = 1;
			packageReferences = (
				FA3D29AA2EA025140007C365 /* XCRemoteSwiftPackageReference "GLTFSceneKit" */,
				FA3D29AF2EA025150007C365 /* XCRemoteSwiftPackageReference "GLTFKit2" */,
			);
			preferredProjectObjectVersion = 77;
			productRefGroup = FA3D294B2EA025120007C365 /* Products */;
			projectDirPath = "";
			projectRoot = "";
			targets = (
				FA3D29492EA025120007C365 /* LevelUp Life */,
				FA3D29562EA025130007C365 /* LevelUp LifeTests */,
				FA3D29602EA025130007C365 /* LevelUp LifeUITests */,
			);
		};
/* End PBXProject section */

/* Begin PBXResourcesBuildPhase section */
		FA3D29482EA025120007C365 /* Resources */ = {
			isa = PBXResourcesBuildPhase;
			buildActionMask = 2147483647;
			files = (
			);
			runOnlyForDeploymentPostprocessing = 0;
		};
		FA3D29552EA025130007C365 /* Resources */ = {
			isa = PBXResourcesBuildPhase;
			buildActionMask = 2147483647;
			files = (
			);
			runOnlyForDeploymentPostprocessing = 0;
		};
		FA3D295F2EA025130007C365 /* Resources */ = {
			isa = PBXResourcesBuildPhase;
			buildActionMask = 2147483647;
			files = (
			);
			runOnlyForDeploymentPostprocessing = 0;
		};
/* End PBXResourcesBuildPhase section */

/* Begin PBXSourcesBuildPhase section */
		FA3D29462EA025120007C365 /* Sources */ = {
			isa = PBXSourcesBuildPhase;
			buildActionMask = 2147483647;
			files = (
			);
			runOnlyForDeploymentPostprocessing = 0;
		};
		FA3D29532EA025130007C365 /* Sources */ = {
			isa = PBXSourcesBuildPhase;
			buildActionMask = 2147483647;
			files = (
			);
			runOnlyForDeploymentPostprocessing = 0;
		};
		FA3D295D2EA025130007C365 /* Sources */ = {
			isa = PBXSourcesBuildPhase;
			buildActionMask = 2147483647;
			files = (
			);
			runOnlyForDeploymentPostprocessing = 0;
		};
/* End PBXSourcesBuildPhase section */

/* Begin PBXTargetDependency section */
		FA3D29592EA025130007C365 /* PBXTargetDependency */ = {
			isa = PBXTargetDependency;
			target = FA3D29492EA025120007C365 /* LevelUp Life */;
			targetProxy = FA3D29582EA025130007C365 /* PBXContainerItemProxy */;
		};
		FA3D29632EA025130007C365 /* PBXTargetDependency */ = {
			isa = PBXTargetDependency;
			target = FA3D29492EA025120007C365 /* LevelUp Life */;
			targetProxy = FA3D29622EA025130007C365 /* PBXContainerItemProxy */;
		};
/* End PBXTargetDependency section */

/* Begin XCBuildConfiguration section */
		FA3D29692EA025130007C365 /* Debug */ = {
			isa = XCBuildConfiguration;
			buildSettings = {
				ALWAYS_SEARCH_USER_PATHS = NO;
				ASSETCATALOG_COMPILER_GENERATE_SWIFT_ASSET_SYMBOL_EXTENSIONS = YES;
				CLANG_ANALYZER_NONNULL = YES;
				CLANG_ANALYZER_NUMBER_OBJECT_CONVERSION = YES_AGGRESSIVE;
				CLANG_CXX_LANGUAGE_STANDARD = "gnu++20";
				CLANG_ENABLE_MODULES = YES;
				CLANG_ENABLE_OBJC_ARC = YES;
				CLANG_ENABLE_OBJC_WEAK = YES;
				CLANG_WARN_BLOCK_CAPTURE_AUTORELEASING = YES;
				CLANG_WARN_BOOL_CONVERSION = YES;
				CLANG_WARN_COMMA = YES;
				CLANG_WARN_CONSTANT_CONVERSION = YES;
				CLANG_WARN_DEPRECATED_OBJC_IMPLEMENTATIONS = YES;
				CLANG_WARN_DIRECT_OBJC_ISA_USAGE = YES_ERROR;
				CLANG_WARN_DOCUMENTATION_COMMENTS = YES;
				CLANG_WARN_EMPTY_BODY = YES;
				CLANG_WARN_ENUM_CONVERSION = YES;
				CLANG_WARN_INFINITE_RECURSION = YES;
				CLANG_WARN_INT_CONVERSION = YES;
				CLANG_WARN_NON_LITERAL_NULL_CONVERSION = YES;
				CLANG_WARN_OBJC_IMPLICIT_RETAIN_SELF = YES;
				CLANG_WARN_OBJC_LITERAL_CONVERSION = YES;
				CLANG_WARN_OBJC_ROOT_CLASS = YES_ERROR;
				CLANG_WARN_QUOTED_INCLUDE_IN_FRAMEWORK_HEADER = YES;
				CLANG_WARN_RANGE_LOOP_ANALYSIS = YES;
				CLANG_WARN_STRICT_PROTOTYPES = YES;
				CLANG_WARN_SUSPICIOUS_MOVE = YES;
				CLANG_WARN_UNGUARDED_AVAILABILITY = YES_AGGRESSIVE;
				CLANG_WARN_UNREACHABLE_CODE = YES;
				CLANG_WARN__DUPLICATE_METHOD_MATCH = YES;
				COPY_PHASE_STRIP = NO;
				DEBUG_INFORMATION_FORMAT = dwarf;
				DEVELOPMENT_TEAM = 8UN39P24Z5;
				ENABLE_STRICT_OBJC_MSGSEND = YES;
				ENABLE_TESTABILITY = YES;
				ENABLE_USER_SCRIPT_SANDBOXING = YES;
				GCC_C_LANGUAGE_STANDARD = gnu17;
				GCC_DYNAMIC_NO_PIC = NO;
				GCC_NO_COMMON_BLOCKS = YES;
				GCC_OPTIMIZATION_LEVEL = 0;
				GCC_PREPROCESSOR_DEFINITIONS = (
					"DEBUG=1",
					"$(inherited)",
				);
				GCC_WARN_64_TO_32_BIT_CONVERSION = YES;
				GCC_WARN_ABOUT_RETURN_TYPE = YES_ERROR;
				GCC_WARN_UNDECLARED_SELECTOR = YES;
				GCC_WARN_UNINITIALIZED_AUTOS = YES_AGGRESSIVE;
				GCC_WARN_UNUSED_FUNCTION = YES;
				GCC_WARN_UNUSED_VARIABLE = YES;
				IPHONEOS_DEPLOYMENT_TARGET = 26.0;
				LOCALIZATION_PREFERS_STRING_CATALOGS = YES;
				MTL_ENABLE_DEBUG_INFO = INCLUDE_SOURCE;
				MTL_FAST_MATH = YES;
				ONLY_ACTIVE_ARCH = YES;
				SDKROOT = iphoneos;
				SWIFT_ACTIVE_COMPILATION_CONDITIONS = "DEBUG $(inherited)";
				SWIFT_OPTIMIZATION_LEVEL = "-Onone";
			};
			name = Debug;
		};
		FA3D296A2EA025130007C365 /* Release */ = {
			isa = XCBuildConfiguration;
			buildSettings = {
				ALWAYS_SEARCH_USER_PATHS = NO;
				ASSETCATALOG_COMPILER_GENERATE_SWIFT_ASSET_SYMBOL_EXTENSIONS = YES;
				CLANG_ANALYZER_NONNULL = YES;
				CLANG_ANALYZER_NUMBER_OBJECT_CONVERSION = YES_AGGRESSIVE;
				CLANG_CXX_LANGUAGE_STANDARD = "gnu++20";
				CLANG_ENABLE_MODULES = YES;
				CLANG_ENABLE_OBJC_ARC = YES;
				CLANG_ENABLE_OBJC_WEAK = YES;
				CLANG_WARN_BLOCK_CAPTURE_AUTORELEASING = YES;
				CLANG_WARN_BOOL_CONVERSION = YES;
				CLANG_WARN_COMMA = YES;
				CLANG_WARN_CONSTANT_CONVERSION = YES;
				CLANG_WARN_DEPRECATED_OBJC_IMPLEMENTATIONS = YES;
				CLANG_WARN_DIRECT_OBJC_ISA_USAGE = YES_ERROR;
				CLANG_WARN_DOCUMENTATION_COMMENTS = YES;
				CLANG_WARN_EMPTY_BODY = YES;
				CLANG_WARN_ENUM_CONVERSION = YES;
				CLANG_WARN_INFINITE_RECURSION = YES;
				CLANG_WARN_INT_CONVERSION = YES;
				CLANG_WARN_NON_LITERAL_NULL_CONVERSION = YES;
				CLANG_WARN_OBJC_IMPLICIT_RETAIN_SELF = YES;
				CLANG_WARN_OBJC_LITERAL_CONVERSION = YES;
				CLANG_WARN_OBJC_ROOT_CLASS = YES_ERROR;
				CLANG_WARN_QUOTED_INCLUDE_IN_FRAMEWORK_HEADER = YES;
				CLANG_WARN_RANGE_LOOP_ANALYSIS = YES;
				CLANG_WARN_STRICT_PROTOTYPES = YES;
				CLANG_WARN_SUSPICIOUS_MOVE = YES;
				CLANG_WARN_UNGUARDED_AVAILABILITY = YES_AGGRESSIVE;
				CLANG_WARN_UNREACHABLE_CODE = YES;
				CLANG_WARN__DUPLICATE_METHOD_MATCH = YES;
				COPY_PHASE_STRIP = NO;
				DEBUG_INFORMATION_FORMAT = "dwarf-with-dsym";
				DEVELOPMENT_TEAM = 8UN39P24Z5;
				ENABLE_NS_ASSERTIONS = NO;
				ENABLE_STRICT_OBJC_MSGSEND = YES;
				ENABLE_USER_SCRIPT_SANDBOXING = YES;
				GCC_C_LANGUAGE_STANDARD = gnu17;
				GCC_NO_COMMON_BLOCKS = YES;
				GCC_WARN_64_TO_32_BIT_CONVERSION = YES;
				GCC_WARN_ABOUT_RETURN_TYPE = YES_ERROR;
				GCC_WARN_UNDECLARED_SELECTOR = YES;
				GCC_WARN_UNINITIALIZED_AUTOS = YES_AGGRESSIVE;
				GCC_WARN_UNUSED_FUNCTION = YES;
				GCC_WARN_UNUSED_VARIABLE = YES;
				IPHONEOS_DEPLOYMENT_TARGET = 26.0;
				LOCALIZATION_PREFERS_STRING_CATALOGS = YES;
				MTL_ENABLE_DEBUG_INFO = NO;
				MTL_FAST_MATH = YES;
				SDKROOT = iphoneos;
				SWIFT_COMPILATION_MODE = wholemodule;
				VALIDATE_PRODUCT = YES;
			};
			name = Release;
		};
		FA3D296C2EA025130007C365 /* Debug */ = {
			isa = XCBuildConfiguration;
			buildSettings = {
				ASSETCATALOG_COMPILER_APPICON_NAME = AppIcon;
				ASSETCATALOG_COMPILER_GLOBAL_ACCENT_COLOR_NAME = AccentColor;
				CODE_SIGN_STYLE = Automatic;
				CURRENT_PROJECT_VERSION = 1;
				DEVELOPMENT_TEAM = 8UN39P24Z5;
				ENABLE_PREVIEWS = YES;
				GENERATE_INFOPLIST_FILE = YES;
				INFOPLIST_KEY_UIApplicationSceneManifest_Generation = YES;
				INFOPLIST_KEY_UIApplicationSupportsIndirectInputEvents = YES;
				INFOPLIST_KEY_UILaunchScreen_Generation = YES;
				INFOPLIST_KEY_UISupportedInterfaceOrientations_iPad = "UIInterfaceOrientationPortrait UIInterfaceOrientationPortraitUpsideDown UIInterfaceOrientationLandscapeLeft UIInterfaceOrientationLandscapeRight";
				INFOPLIST_KEY_UISupportedInterfaceOrientations_iPhone = "UIInterfaceOrientationPortrait UIInterfaceOrientationLandscapeLeft UIInterfaceOrientationLandscapeRight";
				INFOPLIST_KEY_NSCameraUsageDescription = "This app uses the camera to capture photos for avatar creation in Ready Player Me.";
				INFOPLIST_KEY_NSMicrophoneUsageDescription = "This app may use the microphone for avatar creation features.";
				LD_RUNPATH_SEARCH_PATHS = (
					"$(inherited)",
					"@executable_path/Frameworks",
				);
				MARKETING_VERSION = 1.0;
				PRODUCT_BUNDLE_IDENTIFIER = "com.Remax.LevelUp-Life";
				PRODUCT_NAME = "$(TARGET_NAME)";
				STRING_CATALOG_GENERATE_SYMBOLS = YES;
				SWIFT_APPROACHABLE_CONCURRENCY = YES;
				SWIFT_DEFAULT_ACTOR_ISOLATION = MainActor;
				SWIFT_EMIT_LOC_STRINGS = YES;
				SWIFT_UPCOMING_FEATURE_MEMBER_IMPORT_VISIBILITY = YES;
				SWIFT_VERSION = 5.0;
				TARGETED_DEVICE_FAMILY = "1,2";
			};
			name = Debug;
		};
		FA3D296D2EA025130007C365 /* Release */ = {
			isa = XCBuildConfiguration;
			buildSettings = {
				ASSETCATALOG_COMPILER_APPICON_NAME = AppIcon;
				ASSETCATALOG_COMPILER_GLOBAL_ACCENT_COLOR_NAME = AccentColor;
				CODE_SIGN_STYLE = Automatic;
				CURRENT_PROJECT_VERSION = 1;
				DEVELOPMENT_TEAM = 8UN39P24Z5;
				ENABLE_PREVIEWS = YES;
				GENERATE_INFOPLIST_FILE = YES;
				INFOPLIST_KEY_UIApplicationSceneManifest_Generation = YES;
				INFOPLIST_KEY_UIApplicationSupportsIndirectInputEvents = YES;
				INFOPLIST_KEY_UILaunchScreen_Generation = YES;
				INFOPLIST_KEY_UISupportedInterfaceOrientations_iPad = "UIInterfaceOrientationPortrait UIInterfaceOrientationPortraitUpsideDown UIInterfaceOrientationLandscapeLeft UIInterfaceOrientationLandscapeRight";
				INFOPLIST_KEY_UISupportedInterfaceOrientations_iPhone = "UIInterfaceOrientationPortrait UIInterfaceOrientationLandscapeLeft UIInterfaceOrientationLandscapeRight";
				INFOPLIST_KEY_NSCameraUsageDescription = "This app uses the camera to capture photos for avatar creation in Ready Player Me.";
				INFOPLIST_KEY_NSMicrophoneUsageDescription = "This app may use the microphone for avatar creation features.";
				LD_RUNPATH_SEARCH_PATHS = (
					"$(inherited)",
					"@executable_path/Frameworks",
				);
				MARKETING_VERSION = 1.0;
				PRODUCT_BUNDLE_IDENTIFIER = "com.Remax.LevelUp-Life";
				PRODUCT_NAME = "$(TARGET_NAME)";
				STRING_CATALOG_GENERATE_SYMBOLS = YES;
				SWIFT_APPROACHABLE_CONCURRENCY = YES;
				SWIFT_DEFAULT_ACTOR_ISOLATION = MainActor;
				SWIFT_EMIT_LOC_STRINGS = YES;
				SWIFT_UPCOMING_FEATURE_MEMBER_IMPORT_VISIBILITY = YES;
				SWIFT_VERSION = 5.0;
				TARGETED_DEVICE_FAMILY = "1,2";
			};
			name = Release;
		};
		FA3D296F2EA025130007C365 /* Debug */ = {
			isa = XCBuildConfiguration;
			buildSettings = {
				BUNDLE_LOADER = "$(TEST_HOST)";
				CODE_SIGN_STYLE = Automatic;
				CURRENT_PROJECT_VERSION = 1;
				DEVELOPMENT_TEAM = 8UN39P24Z5;
				GENERATE_INFOPLIST_FILE = YES;
				IPHONEOS_DEPLOYMENT_TARGET = 26.0;
				MARKETING_VERSION = 1.0;
				PRODUCT_BUNDLE_IDENTIFIER = "com.Remax.LevelUp-LifeTests";
				PRODUCT_NAME = "$(TARGET_NAME)";
				STRING_CATALOG_GENERATE_SYMBOLS = NO;
				SWIFT_APPROACHABLE_CONCURRENCY = YES;
				SWIFT_EMIT_LOC_STRINGS = NO;
				SWIFT_UPCOMING_FEATURE_MEMBER_IMPORT_VISIBILITY = YES;
				SWIFT_VERSION = 5.0;
				TARGETED_DEVICE_FAMILY = "1,2";
				TEST_HOST = "$(BUILT_PRODUCTS_DIR)/LevelUp Life.app/$(BUNDLE_EXECUTABLE_FOLDER_PATH)/LevelUp Life";
			};
			name = Debug;
		};
		FA3D29702EA025130007C365 /* Release */ = {
			isa = XCBuildConfiguration;
			buildSettings = {
				BUNDLE_LOADER = "$(TEST_HOST)";
				CODE_SIGN_STYLE = Automatic;
				CURRENT_PROJECT_VERSION = 1;
				DEVELOPMENT_TEAM = 8UN39P24Z5;
				GENERATE_INFOPLIST_FILE = YES;
				IPHONEOS_DEPLOYMENT_TARGET = 26.0;
				MARKETING_VERSION = 1.0;
				PRODUCT_BUNDLE_IDENTIFIER = "com.Remax.LevelUp-LifeTests";
				PRODUCT_NAME = "$(TARGET_NAME)";
				STRING_CATALOG_GENERATE_SYMBOLS = NO;
				SWIFT_APPROACHABLE_CONCURRENCY = YES;
				SWIFT_EMIT_LOC_STRINGS = NO;
				SWIFT_UPCOMING_FEATURE_MEMBER_IMPORT_VISIBILITY = YES;
				SWIFT_VERSION = 5.0;
				TARGETED_DEVICE_FAMILY = "1,2";
				TEST_HOST = "$(BUILT_PRODUCTS_DIR)/LevelUp Life.app/$(BUNDLE_EXECUTABLE_FOLDER_PATH)/LevelUp Life";
			};
			name = Release;
		};
		FA3D29722EA025130007C365 /* Debug */ = {
			isa = XCBuildConfiguration;
			buildSettings = {
				CODE_SIGN_STYLE = Automatic;
				CURRENT_PROJECT_VERSION = 1;
				DEVELOPMENT_TEAM = 8UN39P24Z5;
				GENERATE_INFOPLIST_FILE = YES;
				MARKETING_VERSION = 1.0;
				PRODUCT_BUNDLE_IDENTIFIER = "com.Remax.LevelUp-LifeUITests";
				PRODUCT_NAME = "$(TARGET_NAME)";
				STRING_CATALOG_GENERATE_SYMBOLS = NO;
				SWIFT_APPROACHABLE_CONCURRENCY = YES;
				SWIFT_EMIT_LOC_STRINGS = NO;
				SWIFT_UPCOMING_FEATURE_MEMBER_IMPORT_VISIBILITY = YES;
				SWIFT_VERSION = 5.0;
				TARGETED_DEVICE_FAMILY = "1,2";
				TEST_TARGET_NAME = "LevelUp Life";
			};
			name = Debug;
		};
		FA3D29732EA025130007C365 /* Release */ = {
			isa = XCBuildConfiguration;
			buildSettings = {
				CODE_SIGN_STYLE = Automatic;
				CURRENT_PROJECT_VERSION = 1;
				DEVELOPMENT_TEAM = 8UN39P24Z5;
				GENERATE_INFOPLIST_FILE = YES;
				MARKETING_VERSION = 1.0;
				PRODUCT_BUNDLE_IDENTIFIER = "com.Remax.LevelUp-LifeUITests";
				PRODUCT_NAME = "$(TARGET_NAME)";
				STRING_CATALOG_GENERATE_SYMBOLS = NO;
				SWIFT_APPROACHABLE_CONCURRENCY = YES;
				SWIFT_EMIT_LOC_STRINGS = NO;
				SWIFT_UPCOMING_FEATURE_MEMBER_IMPORT_VISIBILITY = YES;
				SWIFT_VERSION = 5.0;
				TARGETED_DEVICE_FAMILY = "1,2";
				TEST_TARGET_NAME = "LevelUp Life";
			};
			name = Release;
		};
/* End XCBuildConfiguration section */

/* Begin XCConfigurationList section */
		FA3D29452EA025120007C365 /* Build configuration list for PBXProject "LevelUp Life" */ = {
			isa = XCConfigurationList;
			buildConfigurations = (
				FA3D29692EA025130007C365 /* Debug */,
				FA3D296A2EA025130007C365 /* Release */,
			);
			defaultConfigurationIsVisible = 0;
			defaultConfigurationName = Release;
		};
		FA3D296B2EA025130007C365 /* Build configuration list for PBXNativeTarget "LevelUp Life" */ = {
			isa = XCConfigurationList;
			buildConfigurations = (
				FA3D296C2EA025130007C365 /* Debug */,
				FA3D296D2EA025130007C365 /* Release */,
			);
			defaultConfigurationIsVisible = 0;
			defaultConfigurationName = Release;
		};
		FA3D296E2EA025130007C365 /* Build configuration list for PBXNativeTarget "LevelUp LifeTests" */ = {
			isa = XCConfigurationList;
			buildConfigurations = (
				FA3D296F2EA025130007C365 /* Debug */,
				FA3D29702EA025130007C365 /* Release */,
			);
			defaultConfigurationIsVisible = 0;
			defaultConfigurationName = Release;
		};
		FA3D29712EA025130007C365 /* Build configuration list for PBXNativeTarget "LevelUp LifeUITests" */ = {
			isa = XCConfigurationList;
			buildConfigurations = (
				FA3D29722EA025130007C365 /* Debug */,
				FA3D29732EA025130007C365 /* Release */,
			);
			defaultConfigurationIsVisible = 0;
			defaultConfigurationName = Release;
		};
/* End XCConfigurationList section */

/* Begin XCRemoteSwiftPackageReference section */
		FA3D29AA2EA025140007C365 /* XCRemoteSwiftPackageReference "GLTFSceneKit" */ = {
			isa = XCRemoteSwiftPackageReference;
			repositoryURL = "https://github.com/magicien/GLTFSceneKit.git";
			requirement = {
				branch = master;
				kind = branch;
			};
		};
		FA3D29AF2EA025150007C365 /* XCRemoteSwiftPackageReference "GLTFKit2" */ = {
			isa = XCRemoteSwiftPackageReference;
			repositoryURL = "https://github.com/warrenm/GLTFKit2.git";
			requirement = {
				kind = upToNextMajorVersion;
				minimumVersion = "0.5.0";
			};
		};
/* End XCRemoteSwiftPackageReference section */

/* Begin XCSwiftPackageProductDependency section */
		FA3D29AB2EA025140007C365 /* GLTFSceneKit */ = {
			isa = XCSwiftPackageProductDependency;
			package = FA3D29AA2EA025140007C365 /* XCRemoteSwiftPackageReference "GLTFSceneKit" */;
			productName = GLTFSceneKit;
		};
		FA3D29AD2EA025150007C365 /* GLTFKit2 */ = {
			isa = XCSwiftPackageProductDependency;
			package = FA3D29AF2EA025150007C365 /* XCRemoteSwiftPackageReference "GLTFKit2" */;
			productName = GLTFKit2;
		};
/* End XCSwiftPackageProductDependency section */
	};
	rootObject = FA3D29422EA025120007C365 /* Project object */;
}
